
Microsoft Visual Studio Solution File, Format Version 12.00
# Visual Studio Version 16
VisualStudioVersion = 16.0.30621.155
MinimumVisualStudioVersion = 10.0.40219.1
Project("{FAE04EC0-301F-11D3-BF4B-00C04F79EFBC}") = "2D_Arrays", "2D_Arrays\2D_Arrays.csproj", "{B9F0860C-2569-4CD3-BD79-BE9B8F3FC80E}"
EndProject
Global
	GlobalSection(SolutionConfigurationPlatforms) = preSolution
		Debug|Any CPU = Debug|Any CPU
		Release|Any CPU = Release|Any CPU
	EndGlobalSection
	GlobalSection(ProjectConfigurationPlatforms) = postSolution
		{B9F0860C-2569-4CD3-BD79-BE9B8F3FC80E}.Debug|Any CPU.ActiveCfg = Debug|Any CPU
		{B9F0860C-2569-4CD3-BD79-BE9B8F3FC80E}.Debug|Any CPU.Build.0 = Debug|Any CPU
		{B9F0860C-2569-4CD3-BD79-BE9B8F3FC80E}.Release|Any CPU.ActiveCfg = Release|Any CPU
		{B9F0860C-2569-4CD3-BD79-BE9B8F3FC80E}.Release|Any CPU.Build.0 = Release|Any CPU
	EndGlobalSection
	GlobalSection(SolutionProperties) = preSolution
		HideSolutionNode = FALSE
	EndGlobalSection
	GlobalSection(ExtensibilityGlobals) = postSolution
		SolutionGuid = {FB6CE94B-4B6F-4B39-A197-20B32091489A}
	EndGlobalSection
EndGlobal
